
Microsoft Visual Studio Solution File, Format Version 12.00
# Visual Studio Version 17
VisualStudioVersion = 17.8.34309.116
MinimumVisualStudioVersion = 10.0.40219.1
Project("{FAE04EC0-301F-11D3-BF4B-00C04F79EFBC}") = "Optimization", "Optimization\Optimization.csproj", "{A484CE15-54D1-45E5-8986-FAE22FA31A0C}"
EndProject
Global
	GlobalSection(SolutionConfigurationPlatforms) = preSolution
		Debug|Any CPU = Debug|Any CPU
		Release|Any CPU = Release|Any CPU
	EndGlobalSection
	GlobalSection(ProjectConfigurationPlatforms) = postSolution
		{A484CE15-54D1-45E5-8986-FAE22FA31A0C}.Debug|Any CPU.ActiveCfg = Debug|Any CPU
		{A484CE15-54D1-45E5-8986-FAE22FA31A0C}.Debug|Any CPU.Build.0 = Debug|Any CPU
		{A484CE15-54D1-45E5-8986-FAE22FA31A0C}.Release|Any CPU.ActiveCfg = Release|Any CPU
		{A484CE15-54D1-45E5-8986-FAE22FA31A0C}.Release|Any CPU.Build.0 = Release|Any CPU
	EndGlobalSection
	GlobalSection(SolutionProperties) = preSolution
		HideSolutionNode = FALSE
	EndGlobalSection
	GlobalSection(ExtensibilityGlobals) = postSolution
		SolutionGuid = {A404B367-78D9-4771-9E17-858ED62F0DAC}
	EndGlobalSection
EndGlobal
